// !$*UTF8*$!
{
	archiveVersion = 1;
	classes = {
	};
	objectVersion = 46;
	objects = {

/* Begin PBXBuildFile section */
		4D0E66671F385C5A00E7B130 /* Logo.png in Resources */ = {isa = PBXBuildFile; fileRef = 4D0E66651F385C5A00E7B130 /* Logo.png */; };
		4D0E66681F385C5A00E7B130 /* Logo58.png in Resources */ = {isa = PBXBuildFile; fileRef = 4D0E66661F385C5A00E7B130 /* Logo58.png */; };
		4D2F46221F395AA7008D30F2 /* UIAnimationImageView.m in Sources */ = {isa = PBXBuildFile; fileRef = 4D2F46211F395AA7008D30F2 /* UIAnimationImageView.m */; };
		4D4CF3571F4BD2C000139D49 /* HZBCarouselAnimation.m in Sources */ = {isa = PBXBuildFile; fileRef = 4D4CF3561F4BD2C000139D49 /* HZBCarouselAnimation.m */; };
		4D6F5D801EFCA38F00F87D3C /* main.m in Sources */ = {isa = PBXBuildFile; fileRef = 4D6F5D7F1EFCA38F00F87D3C /* main.m */; };
		4D6F5D831EFCA38F00F87D3C /* AppDelegate.m in Sources */ = {isa = PBXBuildFile; fileRef = 4D6F5D821EFCA38F00F87D3C /* AppDelegate.m */; };
		4D6F5D861EFCA38F00F87D3C /* ViewController.m in Sources */ = {isa = PBXBuildFile; fileRef = 4D6F5D851EFCA38F00F87D3C /* ViewController.m */; };
		4D6F5D891EFCA38F00F87D3C /* Main.storyboard in Resources */ = {isa = PBXBuildFile; fileRef = 4D6F5D871EFCA38F00F87D3C /* Main.storyboard */; };
		4D6F5D8B1EFCA38F00F87D3C /* Assets.xcassets in Resources */ = {isa = PBXBuildFile; fileRef = 4D6F5D8A1EFCA38F00F87D3C /* Assets.xcassets */; };
		4D6F5D8E1EFCA38F00F87D3C /* LaunchScreen.storyboard in Resources */ = {isa = PBXBuildFile; fileRef = 4D6F5D8C1EFCA38F00F87D3C /* LaunchScreen.storyboard */; };
		4D6F5DA01EFCB79500F87D3C /* HZBSingleModel.m in Sources */ = {isa = PBXBuildFile; fileRef = 4D6F5D9D1EFCB79500F87D3C /* HZBSingleModel.m */; };
		4D6F5DA11EFCB79500F87D3C /* HZBSingleViewController.m in Sources */ = {isa = PBXBuildFile; fileRef = 4D6F5D9F1EFCB79500F87D3C /* HZBSingleViewController.m */; };
		4D6F5DA71EFCB95E00F87D3C /* HZBAnimationView.m in Sources */ = {isa = PBXBuildFile; fileRef = 4D6F5DA61EFCB95E00F87D3C /* HZBAnimationView.m */; };
/* End PBXBuildFile section */

/* Begin PBXFileReference section */
		4D0E66651F385C5A00E7B130 /* Logo.png */ = {isa = PBXFileReference; lastKnownFileType = image.png; path = Logo.png; sourceTree = "<group>"; };
		4D0E66661F385C5A00E7B130 /* Logo58.png */ = {isa = PBXFileReference; lastKnownFileType = image.png; path = Logo58.png; sourceTree = "<group>"; };
		4D2F46201F395AA7008D30F2 /* UIAnimationImageView.h */ = {isa = PBXFileReference; fileEncoding = 4; lastKnownFileType = sourcecode.c.h; path = UIAnimationImageView.h; sourceTree = "<group>"; };
		4D2F46211F395AA7008D30F2 /* UIAnimationImageView.m */ = {isa = PBXFileReference; fileEncoding = 4; lastKnownFileType = sourcecode.c.objc; path = UIAnimationImageView.m; sourceTree = "<group>"; };
		4D4CF3551F4BD2C000139D49 /* HZBCarouselAnimation.h */ = {isa = PBXFileReference; fileEncoding = 4; lastKnownFileType = sourcecode.c.h; path = HZBCarouselAnimation.h; sourceTree = "<group>"; };
		4D4CF3561F4BD2C000139D49 /* HZBCarouselAnimation.m */ = {isa = PBXFileReference; fileEncoding = 4; lastKnownFileType = sourcecode.c.objc; path = HZBCarouselAnimation.m; sourceTree = "<group>"; };
		4D6F5D7B1EFCA38F00F87D3C /* Animation.app */ = {isa = PBXFileReference; explicitFileType = wrapper.application; includeInIndex = 0; path = Animation.app; sourceTree = BUILT_PRODUCTS_DIR; };
		4D6F5D7F1EFCA38F00F87D3C /* main.m */ = {isa = PBXFileReference; lastKnownFileType = sourcecode.c.objc; path = main.m; sourceTree = "<group>"; };
		4D6F5D811EFCA38F00F87D3C /* AppDelegate.h */ = {isa = PBXFileReference; lastKnownFileType = sourcecode.c.h; path = AppDelegate.h; sourceTree = "<group>"; };
		4D6F5D821EFCA38F00F87D3C /* AppDelegate.m */ = {isa = PBXFileReference; lastKnownFileType = sourcecode.c.objc; path = AppDelegate.m; sourceTree = "<group>"; };
		4D6F5D841EFCA38F00F87D3C /* ViewController.h */ = {isa = PBXFileReference; lastKnownFileType = sourcecode.c.h; path = ViewController.h; sourceTree = "<group>"; };
		4D6F5D851EFCA38F00F87D3C /* ViewController.m */ = {isa = PBXFileReference; lastKnownFileType = sourcecode.c.objc; path = ViewController.m; sourceTree = "<group>"; };
		4D6F5D881EFCA38F00F87D3C /* Base */ = {isa = PBXFileReference; lastKnownFileType = file.storyboard; name = Base; path = Base.lproj/Main.storyboard; sourceTree = "<group>"; };
		4D6F5D8A1EFCA38F00F87D3C /* Assets.xcassets */ = {isa = PBXFileReference; lastKnownFileType = folder.assetcatalog; path = Assets.xcassets; sourceTree = "<group>"; };
		4D6F5D8D1EFCA38F00F87D3C /* Base */ = {isa = PBXFileReference; lastKnownFileType = file.storyboard; name = Base; path = Base.lproj/LaunchScreen.storyboard; sourceTree = "<group>"; };
		4D6F5D8F1EFCA38F00F87D3C /* Info.plist */ = {isa = PBXFileReference; lastKnownFileType = text.plist.xml; path = Info.plist; sourceTree = "<group>"; };
		4D6F5D9C1EFCB79500F87D3C /* HZBSingleModel.h */ = {isa = PBXFileReference; fileEncoding = 4; lastKnownFileType = sourcecode.c.h; path = HZBSingleModel.h; sourceTree = "<group>"; };
		4D6F5D9D1EFCB79500F87D3C /* HZBSingleModel.m */ = {isa = PBXFileReference; fileEncoding = 4; lastKnownFileType = sourcecode.c.objc; path = HZBSingleModel.m; sourceTree = "<group>"; };
		4D6F5D9E1EFCB79500F87D3C /* HZBSingleViewController.h */ = {isa = PBXFileReference; fileEncoding = 4; lastKnownFileType = sourcecode.c.h; path = HZBSingleViewController.h; sourceTree = "<group>"; };
		4D6F5D9F1EFCB79500F87D3C /* HZBSingleViewController.m */ = {isa = PBXFileReference; fileEncoding = 4; lastKnownFileType = sourcecode.c.objc; path = HZBSingleViewController.m; sourceTree = "<group>"; };
		4D6F5DA51EFCB95E00F87D3C /* HZBAnimationView.h */ = {isa = PBXFileReference; fileEncoding = 4; lastKnownFileType = sourcecode.c.h; path = HZBAnimationView.h; sourceTree = "<group>"; };
		4D6F5DA61EFCB95E00F87D3C /* HZBAnimationView.m */ = {isa = PBXFileReference; fileEncoding = 4; lastKnownFileType = sourcecode.c.objc; path = HZBAnimationView.m; sourceTree = "<group>"; };
/* End PBXFileReference section */

/* Begin PBXFrameworksBuildPhase section */
		4D6F5D781EFCA38F00F87D3C /* Frameworks */ = {
			isa = PBXFrameworksBuildPhase;
			buildActionMask = 2147483647;
			files = (
			);
			runOnlyForDeploymentPostprocessing = 0;
		};
/* End PBXFrameworksBuildPhase section */

/* Begin PBXGroup section */
		4D0E66691F38637200E7B130 /* HZBAnimation */ = {
			isa = PBXGroup;
			children = (
				4D2F46201F395AA7008D30F2 /* UIAnimationImageView.h */,
				4D2F46211F395AA7008D30F2 /* UIAnimationImageView.m */,
			);
			path = HZBAnimation;
			sourceTree = "<group>";
		};
		4D4CF3541F4BD1D500139D49 /* HZBCarouselAnimation */ = {
			isa = PBXGroup;
			children = (
				4D4CF3551F4BD2C000139D49 /* HZBCarouselAnimation.h */,
				4D4CF3561F4BD2C000139D49 /* HZBCarouselAnimation.m */,
			);
			path = HZBCarouselAnimation;
			sourceTree = "<group>";
		};
		4D6F5D721EFCA38F00F87D3C = {
			isa = PBXGroup;
			children = (
				4D6F5D7D1EFCA38F00F87D3C /* Animation */,
				4D6F5D7C1EFCA38F00F87D3C /* Products */,
			);
			sourceTree = "<group>";
		};
		4D6F5D7C1EFCA38F00F87D3C /* Products */ = {
			isa = PBXGroup;
			children = (
				4D6F5D7B1EFCA38F00F87D3C /* Animation.app */,
			);
			name = Products;
			sourceTree = "<group>";
		};
		4D6F5D7D1EFCA38F00F87D3C /* Animation */ = {
			isa = PBXGroup;
			children = (
				4D4CF3541F4BD1D500139D49 /* HZBCarouselAnimation */,
				4D0E66691F38637200E7B130 /* HZBAnimation */,
				4D0E66651F385C5A00E7B130 /* Logo.png */,
				4D0E66661F385C5A00E7B130 /* Logo58.png */,
				4D6F5D9B1EFCB79500F87D3C /* Animation */,
				4D6F5D811EFCA38F00F87D3C /* AppDelegate.h */,
				4D6F5D821EFCA38F00F87D3C /* AppDelegate.m */,
				4D6F5D841EFCA38F00F87D3C /* ViewController.h */,
				4D6F5D851EFCA38F00F87D3C /* ViewController.m */,
				4D6F5D871EFCA38F00F87D3C /* Main.storyboard */,
				4D6F5D8A1EFCA38F00F87D3C /* Assets.xcassets */,
				4D6F5D8C1EFCA38F00F87D3C /* LaunchScreen.storyboard */,
				4D6F5D8F1EFCA38F00F87D3C /* Info.plist */,
				4D6F5D7E1EFCA38F00F87D3C /* Supporting Files */,
			);
			path = Animation;
			sourceTree = "<group>";
		};
		4D6F5D7E1EFCA38F00F87D3C /* Supporting Files */ = {
			isa = PBXGroup;
			children = (
				4D6F5D7F1EFCA38F00F87D3C /* main.m */,
			);
			name = "Supporting Files";
			sourceTree = "<group>";
		};
		4D6F5D9B1EFCB79500F87D3C /* Animation */ = {
			isa = PBXGroup;
			children = (
				4D6F5D9C1EFCB79500F87D3C /* HZBSingleModel.h */,
				4D6F5D9D1EFCB79500F87D3C /* HZBSingleModel.m */,
				4D6F5D9E1EFCB79500F87D3C /* HZBSingleViewController.h */,
				4D6F5D9F1EFCB79500F87D3C /* HZBSingleViewController.m */,
				4D6F5DA51EFCB95E00F87D3C /* HZBAnimationView.h */,
				4D6F5DA61EFCB95E00F87D3C /* HZBAnimationView.m */,
			);
			path = Animation;
			sourceTree = "<group>";
		};
/* End PBXGroup section */

/* Begin PBXNativeTarget section */
		4D6F5D7A1EFCA38F00F87D3C /* Animation */ = {
			isa = PBXNativeTarget;
			buildConfigurationList = 4D6F5D921EFCA38F00F87D3C /* Build configuration list for PBXNativeTarget "Animation" */;
			buildPhases = (
				4D6F5D771EFCA38F00F87D3C /* Sources */,
				4D6F5D781EFCA38F00F87D3C /* Frameworks */,
				4D6F5D791EFCA38F00F87D3C /* Resources */,
			);
			buildRules = (
			);
			dependencies = (
			);
			name = Animation;
			productName = Animation;
			productReference = 4D6F5D7B1EFCA38F00F87D3C /* Animation.app */;
			productType = "com.apple.product-type.application";
		};
/* End PBXNativeTarget section */

/* Begin PBXProject section */
		4D6F5D731EFCA38F00F87D3C /* Project object */ = {
			isa = PBXProject;
			attributes = {
				LastUpgradeCheck = 0830;
				ORGANIZATIONNAME = "安宁";
				TargetAttributes = {
					4D6F5D7A1EFCA38F00F87D3C = {
						CreatedOnToolsVersion = 8.3;
						ProvisioningStyle = Automatic;
					};
				};
			};
			buildConfigurationList = 4D6F5D761EFCA38F00F87D3C /* Build configuration list for PBXProject "Animation" */;
			compatibilityVersion = "Xcode 3.2";
			developmentRegion = English;
			hasScannedForEncodings = 0;
			knownRegions = (
				en,
				Base,
			);
			mainGroup = 4D6F5D721EFCA38F00F87D3C;
			productRefGroup = 4D6F5D7C1EFCA38F00F87D3C /* Products */;
			projectDirPath = "";
			projectRoot = "";
			targets = (
				4D6F5D7A1EFCA38F00F87D3C /* Animation */,
			);
		};
/* End PBXProject section */

/* Begin PBXResourcesBuildPhase section */
		4D6F5D791EFCA38F00F87D3C /* Resources */ = {
			isa = PBXResourcesBuildPhase;
			buildActionMask = 2147483647;
			files = (
				4D0E66671F385C5A00E7B130 /* Logo.png in Resources */,
				4D0E66681F385C5A00E7B130 /* Logo58.png in Resources */,
				4D6F5D8E1EFCA38F00F87D3C /* LaunchScreen.storyboard in Resources */,
				4D6F5D8B1EFCA38F00F87D3C /* Assets.xcassets in Resources */,
				4D6F5D891EFCA38F00F87D3C /* Main.storyboard in Resources */,
			);
			runOnlyForDeploymentPostprocessing = 0;
		};
/* End PBXResourcesBuildPhase section */

/* Begin PBXSourcesBuildPhase section */
		4D6F5D771EFCA38F00F87D3C /* Sources */ = {
			isa = PBXSourcesBuildPhase;
			buildActionMask = 2147483647;
			files = (
				4D6F5D861EFCA38F00F87D3C /* ViewController.m in Sources */,
				4D6F5D831EFCA38F00F87D3C /* AppDelegate.m in Sources */,
				4D6F5DA71EFCB95E00F87D3C /* HZBAnimationView.m in Sources */,
				4D4CF3571F4BD2C000139D49 /* HZBCarouselAnimation.m in Sources */,
				4D6F5DA01EFCB79500F87D3C /* HZBSingleModel.m in Sources */,
				4D2F46221F395AA7008D30F2 /* UIAnimationImageView.m in Sources */,
				4D6F5DA11EFCB79500F87D3C /* HZBSingleViewController.m in Sources */,
				4D6F5D801EFCA38F00F87D3C /* main.m in Sources */,
			);
			runOnlyForDeploymentPostprocessing = 0;
		};
/* End PBXSourcesBuildPhase section */

/* Begin PBXVariantGroup section */
		4D6F5D871EFCA38F00F87D3C /* Main.storyboard */ = {
			isa = PBXVariantGroup;
			children = (
				4D6F5D881EFCA38F00F87D3C /* Base */,
			);
			name = Main.storyboard;
			sourceTree = "<group>";
		};
		4D6F5D8C1EFCA38F00F87D3C /* LaunchScreen.storyboard */ = {
			isa = PBXVariantGroup;
			children = (
				4D6F5D8D1EFCA38F00F87D3C /* Base */,
			);
			name = LaunchScreen.storyboard;
			sourceTree = "<group>";
		};
/* End PBXVariantGroup section */

/* Begin XCBuildConfiguration section */
		4D6F5D901EFCA38F00F87D3C /* Debug */ = {
			isa = XCBuildConfiguration;
			buildSettings = {
				ALWAYS_SEARCH_USER_PATHS = NO;
				CLANG_ANALYZER_NONNULL = YES;
				CLANG_ANALYZER_NUMBER_OBJECT_CONVERSION = YES_AGGRESSIVE;
				CLANG_CXX_LANGUAGE_STANDARD = "gnu++0x";
				CLANG_CXX_LIBRARY = "libc++";
				CLANG_ENABLE_MODULES = YES;
				CLANG_ENABLE_OBJC_ARC = YES;
				CLANG_WARN_BOOL_CONVERSION = YES;
				CLANG_WARN_CONSTANT_CONVERSION = YES;
				CLANG_WARN_DIRECT_OBJC_ISA_USAGE = YES_ERROR;
				CLANG_WARN_DOCUMENTATION_COMMENTS = YES;
				CLANG_WARN_EMPTY_BODY = YES;
				CLANG_WARN_ENUM_CONVERSION = YES;
				CLANG_WARN_INFINITE_RECURSION = YES;
				CLANG_WARN_INT_CONVERSION = YES;
				CLANG_WARN_OBJC_ROOT_CLASS = YES_ERROR;
				CLANG_WARN_SUSPICIOUS_MOVE = YES;
				CLANG_WARN_UNREACHABLE_CODE = YES;
				CLANG_WARN__DUPLICATE_METHOD_MATCH = YES;
				"CODE_SIGN_IDENTITY[sdk=iphoneos*]" = "iPhone Developer";
				COPY_PHASE_STRIP = NO;
				DEBUG_INFORMATION_FORMAT = dwarf;
				ENABLE_STRICT_OBJC_MSGSEND = YES;
				ENABLE_TESTABILITY = YES;
				GCC_C_LANGUAGE_STANDARD = gnu99;
				GCC_DYNAMIC_NO_PIC = NO;
				GCC_NO_COMMON_BLOCKS = YES;
				GCC_OPTIMIZATION_LEVEL = 0;
				GCC_PREPROCESSOR_DEFINITIONS = (
					"DEBUG=1",
					"$(inherited)",
				);
				GCC_WARN_64_TO_32_BIT_CONVERSION = YES;
				GCC_WARN_ABOUT_RETURN_TYPE = YES_ERROR;
				GCC_WARN_UNDECLARED_SELECTOR = YES;
				GCC_WARN_UNINITIALIZED_AUTOS = YES_AGGRESSIVE;
				GCC_WARN_UNUSED_FUNCTION = YES;
				GCC_WARN_UNUSED_VARIABLE = YES;
				IPHONEOS_DEPLOYMENT_TARGET = 10.3;
				MTL_ENABLE_DEBUG_INFO = YES;
				ONLY_ACTIVE_ARCH = YES;
				SDKROOT = iphoneos;
			};
			name = Debug;
		};
		4D6F5D911EFCA38F00F87D3C /* Release */ = {
			isa = XCBuildConfiguration;
			buildSettings = {
				ALWAYS_SEARCH_USER_PATHS = NO;
				CLANG_ANALYZER_NONNULL = YES;
				CLANG_ANALYZER_NUMBER_OBJECT_CONVERSION = YES_AGGRESSIVE;
				CLANG_CXX_LANGUAGE_STANDARD = "gnu++0x";
				CLANG_CXX_LIBRARY = "libc++";
				CLANG_ENABLE_MODULES = YES;
				CLANG_ENABLE_OBJC_ARC = YES;
				CLANG_WARN_BOOL_CONVERSION = YES;
				CLANG_WARN_CONSTANT_CONVERSION = YES;
				CLANG_WARN_DIRECT_OBJC_ISA_USAGE = YES_ERROR;
				CLANG_WARN_DOCUMENTATION_COMMENTS = YES;
				CLANG_WARN_EMPTY_BODY = YES;
				CLANG_WARN_ENUM_CONVERSION = YES;
				CLANG_WARN_INFINITE_RECURSION = YES;
				CLANG_WARN_INT_CONVERSION = YES;
				CLANG_WARN_OBJC_ROOT_CLASS = YES_ERROR;
				CLANG_WARN_SUSPICIOUS_MOVE = YES;
				CLANG_WARN_UNREACHABLE_CODE = YES;
				CLANG_WARN__DUPLICATE_METHOD_MATCH = YES;
				"CODE_SIGN_IDENTITY[sdk=iphoneos*]" = "iPhone Developer";
				COPY_PHASE_STRIP = NO;
				DEBUG_INFORMATION_FORMAT = "dwarf-with-dsym";
				ENABLE_NS_ASSERTIONS = NO;
				ENABLE_STRICT_OBJC_MSGSEND = YES;
				GCC_C_LANGUAGE_STANDARD = gnu99;
				GCC_NO_COMMON_BLOCKS = YES;
				GCC_WARN_64_TO_32_BIT_CONVERSION = YES;
				GCC_WARN_ABOUT_RETURN_TYPE = YES_ERROR;
				GCC_WARN_UNDECLARED_SELECTOR = YES;
				GCC_WARN_UNINITIALIZED_AUTOS = YES_AGGRESSIVE;
				GCC_WARN_UNUSED_FUNCTION = YES;
				GCC_WARN_UNUSED_VARIABLE = YES;
				IPHONEOS_DEPLOYMENT_TARGET = 10.3;
				MTL_ENABLE_DEBUG_INFO = NO;
				SDKROOT = iphoneos;
				VALIDATE_PRODUCT = YES;
			};
			name = Release;
		};
		4D6F5D931EFCA38F00F87D3C /* Debug */ = {
			isa = XCBuildConfiguration;
			buildSettings = {
				ASSETCATALOG_COMPILER_APPICON_NAME = AppIcon;
				INFOPLIST_FILE = Animation/Info.plist;
				LD_RUNPATH_SEARCH_PATHS = "$(inherited) @executable_path/Frameworks";
				PRODUCT_BUNDLE_IDENTIFIER = anning.Animation;
				PRODUCT_NAME = "$(TARGET_NAME)";
			};
			name = Debug;
		};
		4D6F5D941EFCA38F00F87D3C /* Release */ = {
			isa = XCBuildConfiguration;
			buildSettings = {
				ASSETCATALOG_COMPILER_APPICON_NAME = AppIcon;
				INFOPLIST_FILE = Animation/Info.plist;
				LD_RUNPATH_SEARCH_PATHS = "$(inherited) @executable_path/Frameworks";
				PRODUCT_BUNDLE_IDENTIFIER = anning.Animation;
				PRODUCT_NAME = "$(TARGET_NAME)";
			};
			name = Release;
		};
/* End XCBuildConfiguration section */

/* Begin XCConfigurationList section */
		4D6F5D761EFCA38F00F87D3C /* Build configuration list for PBXProject "Animation" */ = {
			isa = XCConfigurationList;
			buildConfigurations = (
				4D6F5D901EFCA38F00F87D3C /* Debug */,
				4D6F5D911EFCA38F00F87D3C /* Release */,
			);
			defaultConfigurationIsVisible = 0;
			defaultConfigurationName = Release;
		};
		4D6F5D921EFCA38F00F87D3C /* Build configuration list for PBXNativeTarget "Animation" */ = {
			isa = XCConfigurationList;
			buildConfigurations = (
				4D6F5D931EFCA38F00F87D3C /* Debug */,
				4D6F5D941EFCA38F00F87D3C /* Release */,
			);
			defaultConfigurationIsVisible = 0;
			defaultConfigurationName = Release;
		};
/* End XCConfigurationList section */
	};
	rootObject = 4D6F5D731EFCA38F00F87D3C /* Project object */;
}
